// !$*UTF8*$!
{
	archiveVersion = 1;
	classes = {
	};
	objectVersion = 46;
	objects = {

/* Begin PBXBuildFile section */
		1C94DF84176009D9006612C9 /* GLUT.framework in Frameworks */ = {isa = PBXBuildFile; fileRef = 1C94DF82176009D9006612C9 /* GLUT.framework */; };
		1C94DF85176009D9006612C9 /* OpenGL.framework in Frameworks */ = {isa = PBXBuildFile; fileRef = 1C94DF83176009D9006612C9 /* OpenGL.framework */; };
		69BDF4981765863B00675FFD /* MotionGraph.cpp in Sources */ = {isa = PBXBuildFile; fileRef = 69BDF4961765863B00675FFD /* MotionGraph.cpp */; };
		69BDF4991765863B00675FFD /* MotionGraph.h in Sources */ = {isa = PBXBuildFile; fileRef = 69BDF4971765863B00675FFD /* MotionGraph.h */; };
		69F9E8A817618233001338FA /* libfltk_forms.a in Frameworks */ = {isa = PBXBuildFile; fileRef = 69F9E8A417618233001338FA /* libfltk_forms.a */; };
		69F9E8A917618233001338FA /* libfltk_gl.a in Frameworks */ = {isa = PBXBuildFile; fileRef = 69F9E8A517618233001338FA /* libfltk_gl.a */; };
		69F9E8AA17618233001338FA /* libfltk_images.a in Frameworks */ = {isa = PBXBuildFile; fileRef = 69F9E8A617618233001338FA /* libfltk_images.a */; };
		69F9E8AB17618233001338FA /* libfltk.a in Frameworks */ = {isa = PBXBuildFile; fileRef = 69F9E8A717618233001338FA /* libfltk.a */; };
		69F9E8C41761885C001338FA /* displaySkeleton.cpp in Sources */ = {isa = PBXBuildFile; fileRef = 69F9E8AC1761885C001338FA /* displaySkeleton.cpp */; };
		69F9E8C51761885C001338FA /* displaySkeleton.h in Sources */ = {isa = PBXBuildFile; fileRef = 69F9E8AD1761885C001338FA /* displaySkeleton.h */; };
		69F9E8C61761885C001338FA /* interface.cpp in Sources */ = {isa = PBXBuildFile; fileRef = 69F9E8AE1761885C001338FA /* interface.cpp */; };
		69F9E8C71761885C001338FA /* interface.h in Sources */ = {isa = PBXBuildFile; fileRef = 69F9E8AF1761885C001338FA /* interface.h */; };
		69F9E8C81761885C001338FA /* mocapPlayer.cpp in Sources */ = {isa = PBXBuildFile; fileRef = 69F9E8B01761885C001338FA /* mocapPlayer.cpp */; };
		69F9E8C91761885C001338FA /* mocapPlayer.h in Sources */ = {isa = PBXBuildFile; fileRef = 69F9E8B11761885C001338FA /* mocapPlayer.h */; };
		69F9E8CA1761885C001338FA /* motion.cpp in Sources */ = {isa = PBXBuildFile; fileRef = 69F9E8B21761885C001338FA /* motion.cpp */; };
		69F9E8CB1761885C001338FA /* motion.h in Sources */ = {isa = PBXBuildFile; fileRef = 69F9E8B31761885C001338FA /* motion.h */; };
		69F9E8CC1761885C001338FA /* MotionLibrary.cpp in Sources */ = {isa = PBXBuildFile; fileRef = 69F9E8B41761885C001338FA /* MotionLibrary.cpp */; };
		69F9E8CD1761885C001338FA /* MotionLibrary.h in Sources */ = {isa = PBXBuildFile; fileRef = 69F9E8B51761885C001338FA /* MotionLibrary.h */; };
		69F9E8CE1761885C001338FA /* performanceCounter.cpp in Sources */ = {isa = PBXBuildFile; fileRef = 69F9E8B61761885C001338FA /* performanceCounter.cpp */; };
		69F9E8CF1761885C001338FA /* performanceCounter.h in Sources */ = {isa = PBXBuildFile; fileRef = 69F9E8B71761885C001338FA /* performanceCounter.h */; };
		69F9E8D01761885C001338FA /* pic.cpp in Sources */ = {isa = PBXBuildFile; fileRef = 69F9E8B81761885C001338FA /* pic.cpp */; };
		69F9E8D11761885C001338FA /* pic.h in Sources */ = {isa = PBXBuildFile; fileRef = 69F9E8B91761885C001338FA /* pic.h */; };
		69F9E8D21761885C001338FA /* posture.cpp in Sources */ = {isa = PBXBuildFile; fileRef = 69F9E8BA1761885C001338FA /* posture.cpp */; };
		69F9E8D31761885C001338FA /* posture.h in Sources */ = {isa = PBXBuildFile; fileRef = 69F9E8BB1761885C001338FA /* posture.h */; };
		69F9E8D41761885C001338FA /* ppm.cpp in Sources */ = {isa = PBXBuildFile; fileRef = 69F9E8BC1761885C001338FA /* ppm.cpp */; };
		69F9E8D51761885C001338FA /* skeleton.cpp in Sources */ = {isa = PBXBuildFile; fileRef = 69F9E8BD1761885C001338FA /* skeleton.cpp */; };
		69F9E8D61761885C001338FA /* skeleton.h in Sources */ = {isa = PBXBuildFile; fileRef = 69F9E8BE1761885C001338FA /* skeleton.h */; };
		69F9E8D71761885C001338FA /* transform.cpp in Sources */ = {isa = PBXBuildFile; fileRef = 69F9E8BF1761885C001338FA /* transform.cpp */; };
		69F9E8D81761885C001338FA /* transform.h in Sources */ = {isa = PBXBuildFile; fileRef = 69F9E8C01761885C001338FA /* transform.h */; };
		69F9E8D91761885C001338FA /* types.h in Sources */ = {isa = PBXBuildFile; fileRef = 69F9E8C11761885C001338FA /* types.h */; };
		69F9E8DA1761885C001338FA /* vector.cpp in Sources */ = {isa = PBXBuildFile; fileRef = 69F9E8C21761885C001338FA /* vector.cpp */; };
		69F9E8DB1761885C001338FA /* vector.h in Sources */ = {isa = PBXBuildFile; fileRef = 69F9E8C31761885C001338FA /* vector.h */; };
		69F9E8DE1761B52C001338FA /* Transition.cpp in Sources */ = {isa = PBXBuildFile; fileRef = 69F9E8DD1761B52C001338FA /* Transition.cpp */; };
		69F9E8DF1762B324001338FA /* Transition.h in Sources */ = {isa = PBXBuildFile; fileRef = 69F9E8DC1761B51B001338FA /* Transition.h */; };
		69F9E8E21762B343001338FA /* PointCloud.cpp in Sources */ = {isa = PBXBuildFile; fileRef = 69F9E8E01762B342001338FA /* PointCloud.cpp */; };
		69F9E8E31762B343001338FA /* PointCloud.h in Sources */ = {isa = PBXBuildFile; fileRef = 69F9E8E11762B342001338FA /* PointCloud.h */; };
		69F9E8E61762EB68001338FA /* Floyd.cpp in Sources */ = {isa = PBXBuildFile; fileRef = 69F9E8E51762EB68001338FA /* Floyd.cpp */; };
/* End PBXBuildFile section */

/* Begin PBXCopyFilesBuildPhase section */
		1CD3203B175FF5550087F209 /* CopyFiles */ = {
			isa = PBXCopyFilesBuildPhase;
			buildActionMask = 2147483647;
			dstPath = /usr/share/man/man1/;
			dstSubfolderSpec = 0;
			files = (
			);
			runOnlyForDeploymentPostprocessing = 1;
		};
/* End PBXCopyFilesBuildPhase section */

/* Begin PBXFileReference section */
		1C94DF82176009D9006612C9 /* GLUT.framework */ = {isa = PBXFileReference; lastKnownFileType = wrapper.framework; name = GLUT.framework; path = System/Library/Frameworks/GLUT.framework; sourceTree = SDKROOT; };
		1C94DF83176009D9006612C9 /* OpenGL.framework */ = {isa = PBXFileReference; lastKnownFileType = wrapper.framework; name = OpenGL.framework; path = System/Library/Frameworks/OpenGL.framework; sourceTree = SDKROOT; };
		1CD3203D175FF5550087F209 /* mocap */ = {isa = PBXFileReference; explicitFileType = "compiled.mach-o.executable"; includeInIndex = 0; path = mocap; sourceTree = BUILT_PRODUCTS_DIR; };
		69BDF4961765863B00675FFD /* MotionGraph.cpp */ = {isa = PBXFileReference; lastKnownFileType = sourcecode.cpp.cpp; name = MotionGraph.cpp; path = mocapPlayer/MotionGraph.cpp; sourceTree = "<group>"; };
		69BDF4971765863B00675FFD /* MotionGraph.h */ = {isa = PBXFileReference; lastKnownFileType = sourcecode.c.h; name = MotionGraph.h; path = mocapPlayer/MotionGraph.h; sourceTree = "<group>"; };
		69F9E8A417618233001338FA /* libfltk_forms.a */ = {isa = PBXFileReference; lastKnownFileType = archive.ar; name = libfltk_forms.a; path = ../../../../../usr/local/Cellar/fltk/1.3.2/lib/libfltk_forms.a; sourceTree = "<group>"; };
		69F9E8A517618233001338FA /* libfltk_gl.a */ = {isa = PBXFileReference; lastKnownFileType = archive.ar; name = libfltk_gl.a; path = ../../../../../usr/local/Cellar/fltk/1.3.2/lib/libfltk_gl.a; sourceTree = "<group>"; };
		69F9E8A617618233001338FA /* libfltk_images.a */ = {isa = PBXFileReference; lastKnownFileType = archive.ar; name = libfltk_images.a; path = ../../../../../usr/local/Cellar/fltk/1.3.2/lib/libfltk_images.a; sourceTree = "<group>"; };
		69F9E8A717618233001338FA /* libfltk.a */ = {isa = PBXFileReference; lastKnownFileType = archive.ar; name = libfltk.a; path = ../../../../../usr/local/Cellar/fltk/1.3.2/lib/libfltk.a; sourceTree = "<group>"; };
		69F9E8AC1761885C001338FA /* displaySkeleton.cpp */ = {isa = PBXFileReference; lastKnownFileType = sourcecode.cpp.cpp; name = displaySkeleton.cpp; path = mocapPlayer/displaySkeleton.cpp; sourceTree = "<group>"; };
		69F9E8AD1761885C001338FA /* displaySkeleton.h */ = {isa = PBXFileReference; lastKnownFileType = sourcecode.c.h; name = displaySkeleton.h; path = mocapPlayer/displaySkeleton.h; sourceTree = "<group>"; };
		69F9E8AE1761885C001338FA /* interface.cpp */ = {isa = PBXFileReference; lastKnownFileType = sourcecode.cpp.cpp; name = interface.cpp; path = mocapPlayer/interface.cpp; sourceTree = "<group>"; };
		69F9E8AF1761885C001338FA /* interface.h */ = {isa = PBXFileReference; lastKnownFileType = sourcecode.c.h; name = interface.h; path = mocapPlayer/interface.h; sourceTree = "<group>"; };
		69F9E8B01761885C001338FA /* mocapPlayer.cpp */ = {isa = PBXFileReference; lastKnownFileType = sourcecode.cpp.cpp; name = mocapPlayer.cpp; path = mocapPlayer/mocapPlayer.cpp; sourceTree = "<group>"; };
		69F9E8B11761885C001338FA /* mocapPlayer.h */ = {isa = PBXFileReference; lastKnownFileType = sourcecode.c.h; name = mocapPlayer.h; path = mocapPlayer/mocapPlayer.h; sourceTree = "<group>"; };
		69F9E8B21761885C001338FA /* motion.cpp */ = {isa = PBXFileReference; lastKnownFileType = sourcecode.cpp.cpp; name = motion.cpp; path = mocapPlayer/motion.cpp; sourceTree = "<group>"; };
		69F9E8B31761885C001338FA /* motion.h */ = {isa = PBXFileReference; lastKnownFileType = sourcecode.c.h; name = motion.h; path = mocapPlayer/motion.h; sourceTree = "<group>"; };
		69F9E8B41761885C001338FA /* MotionLibrary.cpp */ = {isa = PBXFileReference; lastKnownFileType = sourcecode.cpp.cpp; name = MotionLibrary.cpp; path = mocapPlayer/MotionLibrary.cpp; sourceTree = "<group>"; };
		69F9E8B51761885C001338FA /* MotionLibrary.h */ = {isa = PBXFileReference; lastKnownFileType = sourcecode.c.h; name = MotionLibrary.h; path = mocapPlayer/MotionLibrary.h; sourceTree = "<group>"; };
		69F9E8B61761885C001338FA /* performanceCounter.cpp */ = {isa = PBXFileReference; lastKnownFileType = sourcecode.cpp.cpp; name = performanceCounter.cpp; path = mocapPlayer/performanceCounter.cpp; sourceTree = "<group>"; };
		69F9E8B71761885C001338FA /* performanceCounter.h */ = {isa = PBXFileReference; lastKnownFileType = sourcecode.c.h; name = performanceCounter.h; path = mocapPlayer/performanceCounter.h; sourceTree = "<group>"; };
		69F9E8B81761885C001338FA /* pic.cpp */ = {isa = PBXFileReference; lastKnownFileType = sourcecode.cpp.cpp; name = pic.cpp; path = mocapPlayer/pic.cpp; sourceTree = "<group>"; };
		69F9E8B91761885C001338FA /* pic.h */ = {isa = PBXFileReference; lastKnownFileType = sourcecode.c.h; name = pic.h; path = mocapPlayer/pic.h; sourceTree = "<group>"; };
		69F9E8BA1761885C001338FA /* posture.cpp */ = {isa = PBXFileReference; lastKnownFileType = sourcecode.cpp.cpp; name = posture.cpp; path = mocapPlayer/posture.cpp; sourceTree = "<group>"; };
		69F9E8BB1761885C001338FA /* posture.h */ = {isa = PBXFileReference; lastKnownFileType = sourcecode.c.h; name = posture.h; path = mocapPlayer/posture.h; sourceTree = "<group>"; };
		69F9E8BC1761885C001338FA /* ppm.cpp */ = {isa = PBXFileReference; lastKnownFileType = sourcecode.cpp.cpp; name = ppm.cpp; path = mocapPlayer/ppm.cpp; sourceTree = "<group>"; };
		69F9E8BD1761885C001338FA /* skeleton.cpp */ = {isa = PBXFileReference; lastKnownFileType = sourcecode.cpp.cpp; name = skeleton.cpp; path = mocapPlayer/skeleton.cpp; sourceTree = "<group>"; };
		69F9E8BE1761885C001338FA /* skeleton.h */ = {isa = PBXFileReference; lastKnownFileType = sourcecode.c.h; name = skeleton.h; path = mocapPlayer/skeleton.h; sourceTree = "<group>"; };
		69F9E8BF1761885C001338FA /* transform.cpp */ = {isa = PBXFileReference; lastKnownFileType = sourcecode.cpp.cpp; name = transform.cpp; path = mocapPlayer/transform.cpp; sourceTree = "<group>"; };
		69F9E8C01761885C001338FA /* transform.h */ = {isa = PBXFileReference; lastKnownFileType = sourcecode.c.h; name = transform.h; path = mocapPlayer/transform.h; sourceTree = "<group>"; };
		69F9E8C11761885C001338FA /* types.h */ = {isa = PBXFileReference; lastKnownFileType = sourcecode.c.h; name = types.h; path = mocapPlayer/types.h; sourceTree = "<group>"; };
		69F9E8C21761885C001338FA /* vector.cpp */ = {isa = PBXFileReference; lastKnownFileType = sourcecode.cpp.cpp; name = vector.cpp; path = mocapPlayer/vector.cpp; sourceTree = "<group>"; };
		69F9E8C31761885C001338FA /* vector.h */ = {isa = PBXFileReference; lastKnownFileType = sourcecode.c.h; name = vector.h; path = mocapPlayer/vector.h; sourceTree = "<group>"; };
		69F9E8DC1761B51B001338FA /* Transition.h */ = {isa = PBXFileReference; fileEncoding = 4; lastKnownFileType = sourcecode.c.h; name = Transition.h; path = mocapPlayer/Transition.h; sourceTree = "<group>"; };
		69F9E8DD1761B52C001338FA /* Transition.cpp */ = {isa = PBXFileReference; fileEncoding = 4; lastKnownFileType = sourcecode.cpp.cpp; name = Transition.cpp; path = mocapPlayer/Transition.cpp; sourceTree = "<group>"; };
		69F9E8E01762B342001338FA /* PointCloud.cpp */ = {isa = PBXFileReference; lastKnownFileType = sourcecode.cpp.cpp; name = PointCloud.cpp; path = mocapPlayer/PointCloud.cpp; sourceTree = "<group>"; };
		69F9E8E11762B342001338FA /* PointCloud.h */ = {isa = PBXFileReference; lastKnownFileType = sourcecode.c.h; name = PointCloud.h; path = mocapPlayer/PointCloud.h; sourceTree = "<group>"; };
		69F9E8E41762EB52001338FA /* Floyd.h */ = {isa = PBXFileReference; fileEncoding = 4; lastKnownFileType = sourcecode.c.h; name = Floyd.h; path = mocapPlayer/Floyd.h; sourceTree = "<group>"; };
		69F9E8E51762EB68001338FA /* Floyd.cpp */ = {isa = PBXFileReference; fileEncoding = 4; lastKnownFileType = sourcecode.cpp.cpp; name = Floyd.cpp; path = mocapPlayer/Floyd.cpp; sourceTree = "<group>"; };
/* End PBXFileReference section */

/* Begin PBXFrameworksBuildPhase section */
		1CD3203A175FF5550087F209 /* Frameworks */ = {
			isa = PBXFrameworksBuildPhase;
			buildActionMask = 2147483647;
			files = (
				1C94DF84176009D9006612C9 /* GLUT.framework in Frameworks */,
				1C94DF85176009D9006612C9 /* OpenGL.framework in Frameworks */,
				69F9E8A817618233001338FA /* libfltk_forms.a in Frameworks */,
				69F9E8A917618233001338FA /* libfltk_gl.a in Frameworks */,
				69F9E8AA17618233001338FA /* libfltk_images.a in Frameworks */,
				69F9E8AB17618233001338FA /* libfltk.a in Frameworks */,
			);
			runOnlyForDeploymentPostprocessing = 0;
		};
/* End PBXFrameworksBuildPhase section */

/* Begin PBXGroup section */
		1CD32034175FF5550087F209 = {
			isa = PBXGroup;
			children = (
				69BDF4961765863B00675FFD /* MotionGraph.cpp */,
				69BDF4971765863B00675FFD /* MotionGraph.h */,
				69F9E8E51762EB68001338FA /* Floyd.cpp */,
				69F9E8E41762EB52001338FA /* Floyd.h */,
				69F9E8E01762B342001338FA /* PointCloud.cpp */,
				69F9E8E11762B342001338FA /* PointCloud.h */,
				69F9E8DD1761B52C001338FA /* Transition.cpp */,
				69F9E8DC1761B51B001338FA /* Transition.h */,
				69F9E8AC1761885C001338FA /* displaySkeleton.cpp */,
				69F9E8AD1761885C001338FA /* displaySkeleton.h */,
				69F9E8AE1761885C001338FA /* interface.cpp */,
				69F9E8AF1761885C001338FA /* interface.h */,
				69F9E8B01761885C001338FA /* mocapPlayer.cpp */,
				69F9E8B11761885C001338FA /* mocapPlayer.h */,
				69F9E8B21761885C001338FA /* motion.cpp */,
				69F9E8B31761885C001338FA /* motion.h */,
				69F9E8B41761885C001338FA /* MotionLibrary.cpp */,
				69F9E8B51761885C001338FA /* MotionLibrary.h */,
				69F9E8B61761885C001338FA /* performanceCounter.cpp */,
				69F9E8B71761885C001338FA /* performanceCounter.h */,
				69F9E8B81761885C001338FA /* pic.cpp */,
				69F9E8B91761885C001338FA /* pic.h */,
				69F9E8BA1761885C001338FA /* posture.cpp */,
				69F9E8BB1761885C001338FA /* posture.h */,
				69F9E8BC1761885C001338FA /* ppm.cpp */,
				69F9E8BD1761885C001338FA /* skeleton.cpp */,
				69F9E8BE1761885C001338FA /* skeleton.h */,
				69F9E8BF1761885C001338FA /* transform.cpp */,
				69F9E8C01761885C001338FA /* transform.h */,
				69F9E8C11761885C001338FA /* types.h */,
				69F9E8C21761885C001338FA /* vector.cpp */,
				69F9E8C31761885C001338FA /* vector.h */,
				69F9E8A417618233001338FA /* libfltk_forms.a */,
				69F9E8A517618233001338FA /* libfltk_gl.a */,
				69F9E8A617618233001338FA /* libfltk_images.a */,
				69F9E8A717618233001338FA /* libfltk.a */,
				1C94DF82176009D9006612C9 /* GLUT.framework */,
				1C94DF83176009D9006612C9 /* OpenGL.framework */,
				1CD3203E175FF5550087F209 /* Products */,
			);
			sourceTree = "<group>";
		};
		1CD3203E175FF5550087F209 /* Products */ = {
			isa = PBXGroup;
			children = (
				1CD3203D175FF5550087F209 /* mocap */,
			);
			name = Products;
			sourceTree = "<group>";
		};
/* End PBXGroup section */

/* Begin PBXNativeTarget section */
		1CD3203C175FF5550087F209 /* mocap */ = {
			isa = PBXNativeTarget;
			buildConfigurationList = 1CD32046175FF5550087F209 /* Build configuration list for PBXNativeTarget "mocap" */;
			buildPhases = (
				1CD32039175FF5550087F209 /* Sources */,
				1CD3203A175FF5550087F209 /* Frameworks */,
				1CD3203B175FF5550087F209 /* CopyFiles */,
			);
			buildRules = (
			);
			dependencies = (
			);
			name = mocap;
			productName = mocap;
			productReference = 1CD3203D175FF5550087F209 /* mocap */;
			productType = "com.apple.product-type.tool";
		};
/* End PBXNativeTarget section */

/* Begin PBXProject section */
		1CD32035175FF5550087F209 /* Project object */ = {
			isa = PBXProject;
			attributes = {
				LastUpgradeCheck = 0460;
				ORGANIZATIONNAME = javid;
			};
			buildConfigurationList = 1CD32038175FF5550087F209 /* Build configuration list for PBXProject "mocap" */;
			compatibilityVersion = "Xcode 3.2";
			developmentRegion = English;
			hasScannedForEncodings = 0;
			knownRegions = (
				en,
			);
			mainGroup = 1CD32034175FF5550087F209;
			productRefGroup = 1CD3203E175FF5550087F209 /* Products */;
			projectDirPath = "";
			projectRoot = "";
			targets = (
				1CD3203C175FF5550087F209 /* mocap */,
			);
		};
/* End PBXProject section */

/* Begin PBXSourcesBuildPhase section */
		1CD32039175FF5550087F209 /* Sources */ = {
			isa = PBXSourcesBuildPhase;
			buildActionMask = 2147483647;
			files = (
				69F9E8DF1762B324001338FA /* Transition.h in Sources */,
				69F9E8C41761885C001338FA /* displaySkeleton.cpp in Sources */,
				69F9E8C51761885C001338FA /* displaySkeleton.h in Sources */,
				69F9E8C61761885C001338FA /* interface.cpp in Sources */,
				69F9E8C71761885C001338FA /* interface.h in Sources */,
				69F9E8C81761885C001338FA /* mocapPlayer.cpp in Sources */,
				69F9E8C91761885C001338FA /* mocapPlayer.h in Sources */,
				69F9E8CA1761885C001338FA /* motion.cpp in Sources */,
				69F9E8CB1761885C001338FA /* motion.h in Sources */,
				69F9E8CC1761885C001338FA /* MotionLibrary.cpp in Sources */,
				69F9E8CD1761885C001338FA /* MotionLibrary.h in Sources */,
				69F9E8CE1761885C001338FA /* performanceCounter.cpp in Sources */,
				69F9E8CF1761885C001338FA /* performanceCounter.h in Sources */,
				69BDF4981765863B00675FFD /* MotionGraph.cpp in Sources */,
				69BDF4991765863B00675FFD /* MotionGraph.h in Sources */,
				69F9E8D01761885C001338FA /* pic.cpp in Sources */,
				69F9E8D11761885C001338FA /* pic.h in Sources */,
				69F9E8D21761885C001338FA /* posture.cpp in Sources */,
				69F9E8D31761885C001338FA /* posture.h in Sources */,
				69F9E8D41761885C001338FA /* ppm.cpp in Sources */,
				69F9E8D51761885C001338FA /* skeleton.cpp in Sources */,
				69F9E8D61761885C001338FA /* skeleton.h in Sources */,
				69F9E8D71761885C001338FA /* transform.cpp in Sources */,
				69F9E8D81761885C001338FA /* transform.h in Sources */,
				69F9E8D91761885C001338FA /* types.h in Sources */,
				69F9E8DA1761885C001338FA /* vector.cpp in Sources */,
				69F9E8DB1761885C001338FA /* vector.h in Sources */,
				69F9E8E21762B343001338FA /* PointCloud.cpp in Sources */,
				69F9E8E31762B343001338FA /* PointCloud.h in Sources */,
				69F9E8DE1761B52C001338FA /* Transition.cpp in Sources */,
				69F9E8E61762EB68001338FA /* Floyd.cpp in Sources */,
			);
			runOnlyForDeploymentPostprocessing = 0;
		};
/* End PBXSourcesBuildPhase section */

/* Begin XCBuildConfiguration section */
		1CD32044175FF5550087F209 /* Debug */ = {
			isa = XCBuildConfiguration;
			buildSettings = {
				ALWAYS_SEARCH_USER_PATHS = NO;
				ARCHS = "$(ARCHS_STANDARD_64_BIT)";
				CLANG_CXX_LANGUAGE_STANDARD = "gnu++0x";
				CLANG_CXX_LIBRARY = "libc++";
				CLANG_ENABLE_OBJC_ARC = YES;
				CLANG_WARN_CONSTANT_CONVERSION = YES;
				CLANG_WARN_EMPTY_BODY = YES;
				CLANG_WARN_ENUM_CONVERSION = YES;
				CLANG_WARN_INT_CONVERSION = YES;
				CLANG_WARN__DUPLICATE_METHOD_MATCH = YES;
				COPY_PHASE_STRIP = NO;
				GCC_C_LANGUAGE_STANDARD = gnu99;
				GCC_DYNAMIC_NO_PIC = NO;
				GCC_ENABLE_OBJC_EXCEPTIONS = YES;
				GCC_OPTIMIZATION_LEVEL = 0;
				GCC_PREPROCESSOR_DEFINITIONS = (
					"DEBUG=1",
					"$(inherited)",
				);
				GCC_SYMBOLS_PRIVATE_EXTERN = NO;
				GCC_WARN_64_TO_32_BIT_CONVERSION = YES;
				GCC_WARN_ABOUT_RETURN_TYPE = YES;
				GCC_WARN_UNINITIALIZED_AUTOS = YES;
				GCC_WARN_UNUSED_VARIABLE = YES;
				MACOSX_DEPLOYMENT_TARGET = 10.8;
				ONLY_ACTIVE_ARCH = YES;
				SDKROOT = macosx;
			};
			name = Debug;
		};
		1CD32045175FF5550087F209 /* Release */ = {
			isa = XCBuildConfiguration;
			buildSettings = {
				ALWAYS_SEARCH_USER_PATHS = NO;
				ARCHS = "$(ARCHS_STANDARD_64_BIT)";
				CLANG_CXX_LANGUAGE_STANDARD = "gnu++0x";
				CLANG_CXX_LIBRARY = "libc++";
				CLANG_ENABLE_OBJC_ARC = YES;
				CLANG_WARN_CONSTANT_CONVERSION = YES;
				CLANG_WARN_EMPTY_BODY = YES;
				CLANG_WARN_ENUM_CONVERSION = YES;
				CLANG_WARN_INT_CONVERSION = YES;
				CLANG_WARN__DUPLICATE_METHOD_MATCH = YES;
				COPY_PHASE_STRIP = YES;
				DEBUG_INFORMATION_FORMAT = "dwarf-with-dsym";
				GCC_C_LANGUAGE_STANDARD = gnu99;
				GCC_ENABLE_OBJC_EXCEPTIONS = YES;
				GCC_WARN_64_TO_32_BIT_CONVERSION = YES;
				GCC_WARN_ABOUT_RETURN_TYPE = YES;
				GCC_WARN_UNINITIALIZED_AUTOS = YES;
				GCC_WARN_UNUSED_VARIABLE = YES;
				MACOSX_DEPLOYMENT_TARGET = 10.8;
				SDKROOT = macosx;
			};
			name = Release;
		};
		1CD32047175FF5550087F209 /* Debug */ = {
			isa = XCBuildConfiguration;
			buildSettings = {
				FRAMEWORK_SEARCH_PATHS = (
					"$(inherited)",
					"\"$(SRCROOT)/../FLTK-aljoumpvrahwsraaptrngmoauois/Build/Products/Release\"",
				);
				HEADER_SEARCH_PATHS = /usr/local/Cellar/fltk/1.3.2/include;
				LIBRARY_SEARCH_PATHS = (
					"$(inherited)",
					"\"$(SRCROOT)/../FLTK-aljoumpvrahwsraaptrngmoauois/Build/Products/Release/fltk.framework/Versions/A\"",
					"\"$(SRCROOT)/lib\"",
					/usr/local/Cellar/fltk/1.3.2/lib,
				);
				PRODUCT_NAME = "$(TARGET_NAME)";
			};
			name = Debug;
		};
		1CD32048175FF5550087F209 /* Release */ = {
			isa = XCBuildConfiguration;
			buildSettings = {
				FRAMEWORK_SEARCH_PATHS = (
					"$(inherited)",
					"\"$(SRCROOT)/../FLTK-aljoumpvrahwsraaptrngmoauois/Build/Products/Release\"",
				);
				HEADER_SEARCH_PATHS = /usr/local/Cellar/fltk/1.3.2/include;
				LIBRARY_SEARCH_PATHS = (
					"$(inherited)",
					"\"$(SRCROOT)/../FLTK-aljoumpvrahwsraaptrngmoauois/Build/Products/Release/fltk.framework/Versions/A\"",
					"\"$(SRCROOT)/lib\"",
					/usr/local/Cellar/fltk/1.3.2/lib,
				);
				PRODUCT_NAME = "$(TARGET_NAME)";
			};
			name = Release;
		};
/* End XCBuildConfiguration section */

/* Begin XCConfigurationList section */
		1CD32038175FF5550087F209 /* Build configuration list for PBXProject "mocap" */ = {
			isa = XCConfigurationList;
			buildConfigurations = (
				1CD32044175FF5550087F209 /* Debug */,
				1CD32045175FF5550087F209 /* Release */,
			);
			defaultConfigurationIsVisible = 0;
			defaultConfigurationName = Release;
		};
		1CD32046175FF5550087F209 /* Build configuration list for PBXNativeTarget "mocap" */ = {
			isa = XCConfigurationList;
			buildConfigurations = (
				1CD32047175FF5550087F209 /* Debug */,
				1CD32048175FF5550087F209 /* Release */,
			);
			defaultConfigurationIsVisible = 0;
			defaultConfigurationName = Release;
		};
/* End XCConfigurationList section */
	};
	rootObject = 1CD32035175FF5550087F209 /* Project object */;
}
